
Microsoft Visual Studio Solution File, Format Version 12.00
# Visual Studio Version 17
VisualStudioVersion = 17.14.36518.9 d17.14
MinimumVisualStudioVersion = 10.0.40219.1
Project("{FAE04EC0-301F-11D3-BF4B-00C04F79EFBC}") = "FtpMcpServer", "FtpMcpServer\FtpMcpServer.csproj", "{38680C40-4388-4572-B883-7BA155911C60}"
EndProject
Global
	GlobalSection(SolutionConfigurationPlatforms) = preSolution
		Debug|Any CPU = Debug|Any CPU
		Release|Any CPU = Release|Any CPU
	EndGlobalSection
	GlobalSection(ProjectConfigurationPlatforms) = postSolution
		{38680C40-4388-4572-B883-7BA155911C60}.Debug|Any CPU.ActiveCfg = Debug|Any CPU
		{38680C40-4388-4572-B883-7BA155911C60}.Debug|Any CPU.Build.0 = Debug|Any CPU
		{38680C40-4388-4572-B883-7BA155911C60}.Release|Any CPU.ActiveCfg = Release|Any CPU
		{38680C40-4388-4572-B883-7BA155911C60}.Release|Any CPU.Build.0 = Release|Any CPU
	EndGlobalSection
	GlobalSection(SolutionProperties) = preSolution
		HideSolutionNode = FALSE
	EndGlobalSection
	GlobalSection(ExtensibilityGlobals) = postSolution
		SolutionGuid = {47C2B1B7-5E9B-461F-8547-3159549962B7}
	EndGlobalSection
EndGlobal
